<?xml version="1.0" encoding="utf-8"?>
<Project ToolsVersion="4.0" xmlns="http://schemas.microsoft.com/developer/msbuild/2003">
  <ItemGroup>
    <Filter Include="include">
      <UniqueIdentifier>{89AF369E-F58E-B539-FEA6-40106A051C9B}</UniqueIdentifier>
    </Filter>
    <Filter Include="include\HPL">
      <UniqueIdentifier>{BC4EC031-2804-3927-B1F8-32FE1DAD2F2B}</UniqueIdentifier>
    </Filter>
    <Filter Include="include\HPL\Engine">
      <UniqueIdentifier>{C1CDDA13-ADB1-9B69-1612-96BC021586EB}</UniqueIdentifier>
    </Filter>
    <Filter Include="include\HPL\System">
      <UniqueIdentifier>{50D65035-3CBA-118B-A51A-0CDE911DFC0C}</UniqueIdentifier>
    </Filter>
    <Filter Include="include\HPL\System\Impl">
      <UniqueIdentifier>{31AE5FF5-9DE5-A78C-A6EF-0BB012A6CE85}</UniqueIdentifier>
    </Filter>
    <Filter Include="include\HPL\System\Impl\Generic">
      <UniqueIdentifier>{1D221572-8905-24B2-9208-52EEFE6AEA02}</UniqueIdentifier>
    </Filter>
    <Filter Include="source">
      <UniqueIdentifier>{76FF3A1C-62A1-65F2-4B5C-7946379DEC42}</UniqueIdentifier>
    </Filter>
    <Filter Include="source\HPL">
      <UniqueIdentifier>{29CD14B8-1585-5605-7E8C-2F616A63F1F5}</UniqueIdentifier>
    </Filter>
    <Filter Include="source\HPL\Engine">
      <UniqueIdentifier>{8E2F7DB2-FA45-7B48-43BD-066AAF124CD0}</UniqueIdentifier>
    </Filter>
    <Filter Include="source\HPL\System">
      <UniqueIdentifier>{1D38F3D3-894E-F169-D2C5-7C8B3E1BC2F1}</UniqueIdentifier>
    </Filter>
    <Filter Include="source\HPL\System\Impl">
      <UniqueIdentifier>{1E38D82B-0A32-017E-F39E-978EDF3767EA}</UniqueIdentifier>
    </Filter>
    <Filter Include="source\HPL\System\Impl\Generic">
      <UniqueIdentifier>{0A493B10-F66E-0577-DFB4-8A42CB792A43}</UniqueIdentifier>
    </Filter>
  </ItemGroup>
  <ItemGroup>
    <ClInclude Include="include\HPL\Engine\Engine.hpp">
      <Filter>include\HPL\Engine</Filter>
    </ClInclude>
    <ClInclude Include="include\HPL\Engine\LowLevelEngineSetup.hpp">
      <Filter>include\HPL\Engine</Filter>
    </ClInclude>
    <ClInclude Include="include\HPL\System\Impl\Generic\GenericLowLevelSystem.hpp">
      <Filter>include\HPL\System\Impl\Generic</Filter>
    </ClInclude>
    <ClInclude Include="include\HPL\System\LowLevelSystem.hpp">
      <Filter>include\HPL\System</Filter>
    </ClInclude>
    <ClInclude Include="include\hplpch.hpp">
      <Filter>include</Filter>
    </ClInclude>
    <ClInclude Include="include\HPL\System\EntryPoint.hpp" />
    <ClInclude Include="include\HPL\HPL.hpp" />
  </ItemGroup>
  <ItemGroup>
    <ClCompile Include="source\HPL\Engine\Engine.cpp">
      <Filter>source\HPL\Engine</Filter>
    </ClCompile>
    <ClCompile Include="source\HPL\System\Impl\Generic\GenericLowLevelSystem.cpp">
      <Filter>source\HPL\System\Impl\Generic</Filter>
    </ClCompile>
    <ClCompile Include="source\hplpch.cpp">
      <Filter>source</Filter>
    </ClCompile>
  </ItemGroup>
</Project>